
Microsoft Visual Studio Solution File, Format Version 12.00
# Visual Studio Version 17
VisualStudioVersion = 17.3.32922.545
MinimumVisualStudioVersion = 10.0.40219.1
Project("{FAE04EC0-301F-11D3-BF4B-00C04F79EFBC}") = "Oil", "Oil.csproj", "{3E54237D-7036-49DD-86FF-E99B721962DB}"
EndProject
Global
	GlobalSection(SolutionConfigurationPlatforms) = preSolution
		Debug|Any CPU = Debug|Any CPU
		Release|Any CPU = Release|Any CPU
	EndGlobalSection
	GlobalSection(ProjectConfigurationPlatforms) = postSolution
		{3E54237D-7036-49DD-86FF-E99B721962DB}.Debug|Any CPU.ActiveCfg = Debug|Any CPU
		{3E54237D-7036-49DD-86FF-E99B721962DB}.Debug|Any CPU.Build.0 = Debug|Any CPU
		{3E54237D-7036-49DD-86FF-E99B721962DB}.Release|Any CPU.ActiveCfg = Release|Any CPU
		{3E54237D-7036-49DD-86FF-E99B721962DB}.Release|Any CPU.Build.0 = Release|Any CPU
	EndGlobalSection
	GlobalSection(SolutionProperties) = preSolution
		HideSolutionNode = FALSE
	EndGlobalSection
	GlobalSection(ExtensibilityGlobals) = postSolution
		SolutionGuid = {CB0040E6-267D-41D5-AABB-8BAC1390BF7F}
	EndGlobalSection
EndGlobal
